
Microsoft Visual Studio Solution File, Format Version 12.00
# Visual Studio 2012
Project("{FAE04EC0-301F-11D3-BF4B-00C04F79EFBC}") = "DataMover", "DataMover\DataMover.csproj", "{F6011B37-86ED-485D-B166-EC31D6D5A28E}"
EndProject
Project("{FAE04EC0-301F-11D3-BF4B-00C04F79EFBC}") = "DataMoverTests", "DataMoverTests\DataMoverTests.csproj", "{2AADD4F2-14C1-42D3-9957-4AE70DFD9B47}"
EndProject
Global
	GlobalSection(SolutionConfigurationPlatforms) = preSolution
		Debug|Any CPU = Debug|Any CPU
		Release|Any CPU = Release|Any CPU
	EndGlobalSection
	GlobalSection(ProjectConfigurationPlatforms) = postSolution
		{73B40E4F-B278-4159-B9EA-BBEAA1944C72}.Debug|Any CPU.ActiveCfg = Debug|Any CPU
		{73B40E4F-B278-4159-B9EA-BBEAA1944C72}.Debug|Any CPU.Build.0 = Debug|Any CPU
		{73B40E4F-B278-4159-B9EA-BBEAA1944C72}.Release|Any CPU.ActiveCfg = Release|Any CPU
		{73B40E4F-B278-4159-B9EA-BBEAA1944C72}.Release|Any CPU.Build.0 = Release|Any CPU
		{FEE1DF49-88E5-4EC8-9990-E6500710CE4C}.Debug|Any CPU.ActiveCfg = Debug|Any CPU
		{FEE1DF49-88E5-4EC8-9990-E6500710CE4C}.Debug|Any CPU.Build.0 = Debug|Any CPU
		{FEE1DF49-88E5-4EC8-9990-E6500710CE4C}.Release|Any CPU.ActiveCfg = Release|Any CPU
		{FEE1DF49-88E5-4EC8-9990-E6500710CE4C}.Release|Any CPU.Build.0 = Release|Any CPU
		{3FD61A04-C5E2-4919-9F01-DE3C697002CD}.Debug|Any CPU.ActiveCfg = Debug|Any CPU
		{3FD61A04-C5E2-4919-9F01-DE3C697002CD}.Debug|Any CPU.Build.0 = Debug|Any CPU
		{3FD61A04-C5E2-4919-9F01-DE3C697002CD}.Release|Any CPU.ActiveCfg = Release|Any CPU
		{3FD61A04-C5E2-4919-9F01-DE3C697002CD}.Release|Any CPU.Build.0 = Release|Any CPU
		{6844B1FF-A54D-44ED-BF60-B110F3F743D0}.Debug|Any CPU.ActiveCfg = Debug|Any CPU
		{6844B1FF-A54D-44ED-BF60-B110F3F743D0}.Debug|Any CPU.Build.0 = Debug|Any CPU
		{6844B1FF-A54D-44ED-BF60-B110F3F743D0}.Release|Any CPU.ActiveCfg = Release|Any CPU
		{6844B1FF-A54D-44ED-BF60-B110F3F743D0}.Release|Any CPU.Build.0 = Release|Any CPU
		{04040473-FD66-43DA-A290-FFF67E2E7192}.Debug|Any CPU.ActiveCfg = Debug|Any CPU
		{04040473-FD66-43DA-A290-FFF67E2E7192}.Debug|Any CPU.Build.0 = Debug|Any CPU
		{04040473-FD66-43DA-A290-FFF67E2E7192}.Release|Any CPU.ActiveCfg = Release|Any CPU
		{04040473-FD66-43DA-A290-FFF67E2E7192}.Release|Any CPU.Build.0 = Release|Any CPU
		{F6011B37-86ED-485D-B166-EC31D6D5A28E}.Debug|Any CPU.ActiveCfg = Debug|Any CPU
		{F6011B37-86ED-485D-B166-EC31D6D5A28E}.Debug|Any CPU.Build.0 = Debug|Any CPU
		{F6011B37-86ED-485D-B166-EC31D6D5A28E}.Release|Any CPU.ActiveCfg = Release|Any CPU
		{F6011B37-86ED-485D-B166-EC31D6D5A28E}.Release|Any CPU.Build.0 = Release|Any CPU
		{2AADD4F2-14C1-42D3-9957-4AE70DFD9B47}.Debug|Any CPU.ActiveCfg = Debug|Any CPU
		{2AADD4F2-14C1-42D3-9957-4AE70DFD9B47}.Debug|Any CPU.Build.0 = Debug|Any CPU
		{2AADD4F2-14C1-42D3-9957-4AE70DFD9B47}.Release|Any CPU.ActiveCfg = Release|Any CPU
		{2AADD4F2-14C1-42D3-9957-4AE70DFD9B47}.Release|Any CPU.Build.0 = Release|Any CPU
	EndGlobalSection
	GlobalSection(NestedProjects) = preSolution
	EndGlobalSection
EndGlobal
