Microsoft Visual Studio Solution File, Format Version 12.00
# Visual Studio 15
VisualStudioVersion = 15.0.26730.15
MinimumVisualStudioVersion = 10.0.40219.1
Project("{9A19103F-16F7-4668-BE54-9A1E7A4F7556}") = "DataMover", "DataMover\DataMover.csproj", "{F6011B37-86ED-485D-B166-EC31D6D5A28E}"
EndProject
Project("{9A19103F-16F7-4668-BE54-9A1E7A4F7556}") = "DataMoverTests", "DataMoverTests\DataMoverTests.csproj", "{2AADD4F2-14C1-42D3-9957-4AE70DFD9B47}"
EndProject
Project("{FAE04EC0-301F-11D3-BF4B-00C04F79EFBC}") = "Interfaces", "Interfaces\Interfaces.csproj", "{963ACC62-D26D-4590-9EDA-E244038C324A}"
EndProject
Project("{FAE04EC0-301F-11D3-BF4B-00C04F79EFBC}") = "FileReader", "FileReader\FileReader.csproj", "{8398B8B8-9EDE-4F32-BFC4-19735B06B204}"
EndProject
Project("{FAE04EC0-301F-11D3-BF4B-00C04F79EFBC}") = "Importer", "Importer\Importer.csproj", "{5B146591-D64F-403A-A120-675E499FCBC6}"
EndProject
Global
	GlobalSection(SolutionConfigurationPlatforms) = preSolution
		Debug|Any CPU = Debug|Any CPU
		Release|Any CPU = Release|Any CPU
	EndGlobalSection
	GlobalSection(ProjectConfigurationPlatforms) = postSolution
		{F6011B37-86ED-485D-B166-EC31D6D5A28E}.Debug|Any CPU.ActiveCfg = Debug|Any CPU
		{F6011B37-86ED-485D-B166-EC31D6D5A28E}.Debug|Any CPU.Build.0 = Debug|Any CPU
		{F6011B37-86ED-485D-B166-EC31D6D5A28E}.Release|Any CPU.ActiveCfg = Release|Any CPU
		{F6011B37-86ED-485D-B166-EC31D6D5A28E}.Release|Any CPU.Build.0 = Release|Any CPU
		{2AADD4F2-14C1-42D3-9957-4AE70DFD9B47}.Debug|Any CPU.ActiveCfg = Debug|Any CPU
		{2AADD4F2-14C1-42D3-9957-4AE70DFD9B47}.Debug|Any CPU.Build.0 = Debug|Any CPU
		{2AADD4F2-14C1-42D3-9957-4AE70DFD9B47}.Release|Any CPU.ActiveCfg = Release|Any CPU
		{2AADD4F2-14C1-42D3-9957-4AE70DFD9B47}.Release|Any CPU.Build.0 = Release|Any CPU
		{963ACC62-D26D-4590-9EDA-E244038C324A}.Debug|Any CPU.ActiveCfg = Debug|Any CPU
		{963ACC62-D26D-4590-9EDA-E244038C324A}.Debug|Any CPU.Build.0 = Debug|Any CPU
		{963ACC62-D26D-4590-9EDA-E244038C324A}.Release|Any CPU.ActiveCfg = Release|Any CPU
		{963ACC62-D26D-4590-9EDA-E244038C324A}.Release|Any CPU.Build.0 = Release|Any CPU
		{8398B8B8-9EDE-4F32-BFC4-19735B06B204}.Debug|Any CPU.ActiveCfg = Debug|Any CPU
		{8398B8B8-9EDE-4F32-BFC4-19735B06B204}.Debug|Any CPU.Build.0 = Debug|Any CPU
		{8398B8B8-9EDE-4F32-BFC4-19735B06B204}.Release|Any CPU.ActiveCfg = Release|Any CPU
		{8398B8B8-9EDE-4F32-BFC4-19735B06B204}.Release|Any CPU.Build.0 = Release|Any CPU
		{5B146591-D64F-403A-A120-675E499FCBC6}.Debug|Any CPU.ActiveCfg = Debug|Any CPU
		{5B146591-D64F-403A-A120-675E499FCBC6}.Debug|Any CPU.Build.0 = Debug|Any CPU
		{5B146591-D64F-403A-A120-675E499FCBC6}.Release|Any CPU.ActiveCfg = Release|Any CPU
		{5B146591-D64F-403A-A120-675E499FCBC6}.Release|Any CPU.Build.0 = Release|Any CPU
	EndGlobalSection
	GlobalSection(SolutionProperties) = preSolution
		HideSolutionNode = FALSE
	EndGlobalSection
	GlobalSection(ExtensibilityGlobals) = postSolution
		SolutionGuid = {7EB8F963-0ACD-4587-9C91-69F9108C00C1}
	EndGlobalSection
EndGlobal
